
Microsoft Visual Studio Solution File, Format Version 12.00
# Visual Studio Version 17
VisualStudioVersion = 17.8.34511.84
MinimumVisualStudioVersion = 10.0.40219.1
Project("{FAE04EC0-301F-11D3-BF4B-00C04F79EFBC}") = "7-AttributesInCSharp", "7-AttributesInCSharp.csproj", "{47F66632-7EBC-400C-AE82-231912D4A210}"
EndProject
Global
	GlobalSection(SolutionConfigurationPlatforms) = preSolution
		Debug|Any CPU = Debug|Any CPU
		Release|Any CPU = Release|Any CPU
	EndGlobalSection
	GlobalSection(ProjectConfigurationPlatforms) = postSolution
		{47F66632-7EBC-400C-AE82-231912D4A210}.Debug|Any CPU.ActiveCfg = Debug|Any CPU
		{47F66632-7EBC-400C-AE82-231912D4A210}.Debug|Any CPU.Build.0 = Debug|Any CPU
		{47F66632-7EBC-400C-AE82-231912D4A210}.Release|Any CPU.ActiveCfg = Release|Any CPU
		{47F66632-7EBC-400C-AE82-231912D4A210}.Release|Any CPU.Build.0 = Release|Any CPU
	EndGlobalSection
	GlobalSection(SolutionProperties) = preSolution
		HideSolutionNode = FALSE
	EndGlobalSection
	GlobalSection(ExtensibilityGlobals) = postSolution
		SolutionGuid = {F7633A3A-C57F-4D12-820C-49EA67016E7F}
	EndGlobalSection
EndGlobal
